
Microsoft Visual Studio Solution File, Format Version 12.00
# Visual Studio Version 17
VisualStudioVersion = 17.11.35222.181
MinimumVisualStudioVersion = 10.0.40219.1
Project("{9A19103F-16F7-4668-BE54-9A1E7A4F7556}") = "ChallengeYeison.Server", "ChallengeYeison.Server\ChallengeYeison.Server.csproj", "{18F54568-5B9C-432A-BF0E-F4F64F534865}"
EndProject
Project("{54A90642-561A-4BB1-A94E-469ADEE60C69}") = "challengeyeison.client", "challengeyeison.client\challengeyeison.client.esproj", "{4B0AADCD-1B79-4072-B8C0-3D0E6A56CF6C}"
EndProject
Project("{9A19103F-16F7-4668-BE54-9A1E7A4F7556}") = "ChallengeYeison.Server.Tests", "ChallengerYeison.Server.Tests\ChallengeYeison.Server.Tests.csproj", "{9477DBD2-C109-4A08-9FE6-7C98EF8D36D8}"
EndProject
Global
	GlobalSection(SolutionConfigurationPlatforms) = preSolution
		Debug|Any CPU = Debug|Any CPU
		Release|Any CPU = Release|Any CPU
	EndGlobalSection
	GlobalSection(ProjectConfigurationPlatforms) = postSolution
		{18F54568-5B9C-432A-BF0E-F4F64F534865}.Debug|Any CPU.ActiveCfg = Debug|Any CPU
		{18F54568-5B9C-432A-BF0E-F4F64F534865}.Debug|Any CPU.Build.0 = Debug|Any CPU
		{18F54568-5B9C-432A-BF0E-F4F64F534865}.Release|Any CPU.ActiveCfg = Release|Any CPU
		{18F54568-5B9C-432A-BF0E-F4F64F534865}.Release|Any CPU.Build.0 = Release|Any CPU
		{4B0AADCD-1B79-4072-B8C0-3D0E6A56CF6C}.Debug|Any CPU.ActiveCfg = Debug|Any CPU
		{4B0AADCD-1B79-4072-B8C0-3D0E6A56CF6C}.Debug|Any CPU.Build.0 = Debug|Any CPU
		{4B0AADCD-1B79-4072-B8C0-3D0E6A56CF6C}.Debug|Any CPU.Deploy.0 = Debug|Any CPU
		{4B0AADCD-1B79-4072-B8C0-3D0E6A56CF6C}.Release|Any CPU.ActiveCfg = Release|Any CPU
		{4B0AADCD-1B79-4072-B8C0-3D0E6A56CF6C}.Release|Any CPU.Build.0 = Release|Any CPU
		{4B0AADCD-1B79-4072-B8C0-3D0E6A56CF6C}.Release|Any CPU.Deploy.0 = Release|Any CPU
		{9477DBD2-C109-4A08-9FE6-7C98EF8D36D8}.Debug|Any CPU.ActiveCfg = Debug|Any CPU
		{9477DBD2-C109-4A08-9FE6-7C98EF8D36D8}.Debug|Any CPU.Build.0 = Debug|Any CPU
		{9477DBD2-C109-4A08-9FE6-7C98EF8D36D8}.Release|Any CPU.ActiveCfg = Release|Any CPU
		{9477DBD2-C109-4A08-9FE6-7C98EF8D36D8}.Release|Any CPU.Build.0 = Release|Any CPU
	EndGlobalSection
	GlobalSection(SolutionProperties) = preSolution
		HideSolutionNode = FALSE
	EndGlobalSection
	GlobalSection(ExtensibilityGlobals) = postSolution
		SolutionGuid = {69404F6F-3A99-41B2-966A-CCA190CD78E4}
	EndGlobalSection
EndGlobal
